
Microsoft Visual Studio Solution File, Format Version 12.00
# Visual Studio Version 17
VisualStudioVersion = 17.0.31903.59
MinimumVisualStudioVersion = 10.0.40219.1
Project("{FAE04EC0-301F-11D3-BF4B-00C04F79EFBC}") = "MultiTenancy.WebApi", "MultiTenancy.WebApi\MultiTenancy.WebApi.csproj", "{89067361-5E1E-4175-8DC6-3621B43F0A7D}"
EndProject
Project("{FAE04EC0-301F-11D3-BF4B-00C04F79EFBC}") = "MultiTenancy.Infrastructure", "MultiTenancy.Infrastructure\MultiTenancy.Infrastructure.csproj", "{EE336ACA-C599-462D-9E62-9899E4DFF7E0}"
EndProject
Global
	GlobalSection(SolutionConfigurationPlatforms) = preSolution
		Debug|Any CPU = Debug|Any CPU
		Release|Any CPU = Release|Any CPU
	EndGlobalSection
	GlobalSection(SolutionProperties) = preSolution
		HideSolutionNode = FALSE
	EndGlobalSection
	GlobalSection(ProjectConfigurationPlatforms) = postSolution
		{89067361-5E1E-4175-8DC6-3621B43F0A7D}.Debug|Any CPU.ActiveCfg = Debug|Any CPU
		{89067361-5E1E-4175-8DC6-3621B43F0A7D}.Debug|Any CPU.Build.0 = Debug|Any CPU
		{89067361-5E1E-4175-8DC6-3621B43F0A7D}.Release|Any CPU.ActiveCfg = Release|Any CPU
		{89067361-5E1E-4175-8DC6-3621B43F0A7D}.Release|Any CPU.Build.0 = Release|Any CPU
		{EE336ACA-C599-462D-9E62-9899E4DFF7E0}.Debug|Any CPU.ActiveCfg = Debug|Any CPU
		{EE336ACA-C599-462D-9E62-9899E4DFF7E0}.Debug|Any CPU.Build.0 = Debug|Any CPU
		{EE336ACA-C599-462D-9E62-9899E4DFF7E0}.Release|Any CPU.ActiveCfg = Release|Any CPU
		{EE336ACA-C599-462D-9E62-9899E4DFF7E0}.Release|Any CPU.Build.0 = Release|Any CPU
	EndGlobalSection
EndGlobal
